{
  "object": {
    "pins": [
      {
        "package": "HTMLKit",
        "repositoryURL": "https://github.com/vapor-community/HTMLKit",
        "state": {
          "branch": null,
          "revision": "c2eccd1a3275b2d479e66bb00734da217d4f618e",
          "version": "2.0.0"
        }
      },
      {
        "package": "Lingo",
        "repositoryURL": "https://github.com/miroslavkovac/Lingo.git",
        "state": {
          "branch": null,
          "revision": "f21f388b04239641b3e88d14f21762125faa9857",
          "version": "3.0.5"
        }
      }
    ]
  },
  "version": 1
}
