{
  "object": {
    "pins": [
      {
        "package": "HTMLKit",
        "repositoryURL": "https://github.com/vapor-community/HTMLKit",
        "state": {
          "branch": null,
          "revision": "d71c5de355b2666d76c2de2b3426bec5d2ef70e1",
          "version": "2.0.0-beta.3.1"
        }
      },
      {
        "package": "Lingo",
        "repositoryURL": "https://github.com/miroslavkovac/Lingo.git",
        "state": {
          "branch": null,
          "revision": "f21f388b04239641b3e88d14f21762125faa9857",
          "version": "3.0.5"
        }
      }
    ]
  },
  "version": 1
}
