{
  "object": {
    "pins": [
      {
        "package": "HTMLKit",
        "repositoryURL": "https://github.com/vapor-community/HTMLKit",
        "state": {
          "branch": null,
          "revision": "6ec4ce92c6bcf4bba2e96dfeabb7dd452e385b08",
          "version": "2.0.0-beta.3.3"
        }
      },
      {
        "package": "Lingo",
        "repositoryURL": "https://github.com/miroslavkovac/Lingo.git",
        "state": {
          "branch": null,
          "revision": "f21f388b04239641b3e88d14f21762125faa9857",
          "version": "3.0.5"
        }
      }
    ]
  },
  "version": 1
}
